
Microsoft Visual Studio Solution File, Format Version 12.00
# Visual Studio Version 17
VisualStudioVersion = 17.4.33213.308
MinimumVisualStudioVersion = 10.0.40219.1
Project("{9A19103F-16F7-4668-BE54-9A1E7A4F7556}") = "Lab1", "Lab1\Lab1.csproj", "{E45FADCC-5530-4C51-897B-725B74C2009F}"
EndProject
Project("{FAE04EC0-301F-11D3-BF4B-00C04F79EFBC}") = "Lab2", "Lab2\Lab2.csproj", "{A28B8B6C-C2D1-4B0A-B8E4-41A2FE02FF90}"
EndProject
Global
	GlobalSection(SolutionConfigurationPlatforms) = preSolution
		Debug|Any CPU = Debug|Any CPU
		Release|Any CPU = Release|Any CPU
	EndGlobalSection
	GlobalSection(ProjectConfigurationPlatforms) = postSolution
		{E45FADCC-5530-4C51-897B-725B74C2009F}.Debug|Any CPU.ActiveCfg = Debug|Any CPU
		{E45FADCC-5530-4C51-897B-725B74C2009F}.Debug|Any CPU.Build.0 = Debug|Any CPU
		{E45FADCC-5530-4C51-897B-725B74C2009F}.Release|Any CPU.ActiveCfg = Release|Any CPU
		{E45FADCC-5530-4C51-897B-725B74C2009F}.Release|Any CPU.Build.0 = Release|Any CPU
		{A28B8B6C-C2D1-4B0A-B8E4-41A2FE02FF90}.Debug|Any CPU.ActiveCfg = Debug|Any CPU
		{A28B8B6C-C2D1-4B0A-B8E4-41A2FE02FF90}.Debug|Any CPU.Build.0 = Debug|Any CPU
		{A28B8B6C-C2D1-4B0A-B8E4-41A2FE02FF90}.Release|Any CPU.ActiveCfg = Release|Any CPU
		{A28B8B6C-C2D1-4B0A-B8E4-41A2FE02FF90}.Release|Any CPU.Build.0 = Release|Any CPU
	EndGlobalSection
	GlobalSection(SolutionProperties) = preSolution
		HideSolutionNode = FALSE
	EndGlobalSection
	GlobalSection(ExtensibilityGlobals) = postSolution
		SolutionGuid = {BF464474-D037-4EA1-859B-514C9BEB6CD8}
	EndGlobalSection
EndGlobal
